
Microsoft Visual Studio Solution File, Format Version 12.00
# Visual Studio Version 17
VisualStudioVersion = 17.14.37411.7 d17.14
MinimumVisualStudioVersion = 10.0.40219.1
Project("{FAE04EC0-301F-11D3-BF4B-00C04F79EFBC}") = "TravelAgency", "TravelAgency\TravelAgency.csproj", "{9E97A9DB-830A-4873-9DB8-DC3BE87C8214}"
EndProject
Global
	GlobalSection(SolutionConfigurationPlatforms) = preSolution
		Debug|Any CPU = Debug|Any CPU
		Release|Any CPU = Release|Any CPU
	EndGlobalSection
	GlobalSection(ProjectConfigurationPlatforms) = postSolution
		{9E97A9DB-830A-4873-9DB8-DC3BE87C8214}.Debug|Any CPU.ActiveCfg = Debug|Any CPU
		{9E97A9DB-830A-4873-9DB8-DC3BE87C8214}.Debug|Any CPU.Build.0 = Debug|Any CPU
		{9E97A9DB-830A-4873-9DB8-DC3BE87C8214}.Release|Any CPU.ActiveCfg = Release|Any CPU
		{9E97A9DB-830A-4873-9DB8-DC3BE87C8214}.Release|Any CPU.Build.0 = Release|Any CPU
	EndGlobalSection
	GlobalSection(SolutionProperties) = preSolution
		HideSolutionNode = FALSE
	EndGlobalSection
	GlobalSection(ExtensibilityGlobals) = postSolution
		SolutionGuid = {F86F4F6C-1458-47C4-9112-64BA351799B2}
	EndGlobalSection
EndGlobal
